# This file is generated by running "yarn install" inside your project.
# Manual changes might be lost - proceed with caution!

__metadata:
  version: 6
  cacheKey: 8

"@types/node@npm:^17.0.23":
  version: 17.0.45
  resolution: "@types/node@npm:17.0.45"
  checksum: aa04366b9103b7d6cfd6b2ef64182e0eaa7d4462c3f817618486ea0422984c51fc69fd0d436eae6c9e696ddfdbec9ccaa27a917f7c2e8c75c5d57827fe3d95e8
  languageName: node
  linkType: hard

"@types/vscode@npm:^1.63.0":
  version: 1.70.0
  resolution: "@types/vscode@npm:1.70.0"
  checksum: fda7b48d93a8c2164abb393224572e201a995518a223c6d1fb130e66baf5878235901a078ee31f8f12f89854935ca431a9b78c335abc78672b4e25e5b9d32584
  languageName: node
  linkType: hard

"balanced-match@npm:^1.0.0":
  version: 1.0.2
  resolution: "balanced-match@npm:1.0.2"
  checksum: 9706c088a283058a8a99e0bf91b0a2f75497f185980d9ffa8b304de1d9e58ebda7c72c07ebf01dadedaac5b2907b2c6f566f660d62bd336c3468e960403b9d65
  languageName: node
  linkType: hard

"brace-expansion@npm:^1.1.7":
  version: 1.1.11
  resolution: "brace-expansion@npm:1.1.11"
  dependencies:
    balanced-match: ^1.0.0
    concat-map: 0.0.1
  checksum: faf34a7bb0c3fcf4b59c7808bc5d2a96a40988addf2e7e09dfbb67a2251800e0d14cd2bfc1aa79174f2f5095c54ff27f46fb1289fe2d77dac755b5eb3434cc07
  languageName: node
  linkType: hard

"client@workspace:.":
  version: 0.0.0-use.local
  resolution: "client@workspace:."
  dependencies:
    "@types/node": ^17.0.23
    "@types/vscode": ^1.63.0
    vscode-languageclient: ^8.0.2
    vscode-uri: ^3.0.7
  languageName: unknown
  linkType: soft

"concat-map@npm:0.0.1":
  version: 0.0.1
  resolution: "concat-map@npm:0.0.1"
  checksum: 902a9f5d8967a3e2faf138d5cb784b9979bad2e6db5357c5b21c568df4ebe62bcb15108af1b2253744844eb964fc023fbd9afbbbb6ddd0bcc204c6fb5b7bf3af
  languageName: node
  linkType: hard

"lru-cache@npm:^6.0.0":
  version: 6.0.0
  resolution: "lru-cache@npm:6.0.0"
  dependencies:
    yallist: ^4.0.0
  checksum: f97f499f898f23e4585742138a22f22526254fdba6d75d41a1c2526b3b6cc5747ef59c5612ba7375f42aca4f8461950e925ba08c991ead0651b4918b7c978297
  languageName: node
  linkType: hard

"minimatch@npm:^3.0.4":
  version: 3.1.2
  resolution: "minimatch@npm:3.1.2"
  dependencies:
    brace-expansion: ^1.1.7
  checksum: c154e566406683e7bcb746e000b84d74465b3a832c45d59912b9b55cd50dee66e5c4b1e5566dba26154040e51672f9aa450a9aef0c97cfc7336b78b7afb9540a
  languageName: node
  linkType: hard

"semver@npm:^7.3.5":
  version: 7.3.7
  resolution: "semver@npm:7.3.7"
  dependencies:
    lru-cache: ^6.0.0
  bin:
    semver: bin/semver.js
  checksum: 2fa3e877568cd6ce769c75c211beaed1f9fce80b28338cadd9d0b6c40f2e2862bafd62c19a6cff42f3d54292b7c623277bcab8816a2b5521cf15210d43e75232
  languageName: node
  linkType: hard

"vscode-jsonrpc@npm:8.0.2":
  version: 8.0.2
  resolution: "vscode-jsonrpc@npm:8.0.2"
  checksum: 9d055fd4c87ef1093b0eecb5370bfaf3402179b6639149b6d0f7e0bde60cf580091c7e07b0caff868f10f90331b17e7383c087217c077fdd1b5ae7bc23b72f77
  languageName: node
  linkType: hard

"vscode-languageclient@npm:^8.0.2":
  version: 8.0.2
  resolution: "vscode-languageclient@npm:8.0.2"
  dependencies:
    minimatch: ^3.0.4
    semver: ^7.3.5
    vscode-languageserver-protocol: 3.17.2
  checksum: 3a145605a3cdb2855a2a771d6b8e75e72a1ca5aa32e091933c2f0e6f7b8fc1a45a9ea79b434001ad8af6b8cdb4ef88ff92fbb128b37988ebb21cac1b60cd44c3
  languageName: node
  linkType: hard

"vscode-languageserver-protocol@npm:3.17.2":
  version: 3.17.2
  resolution: "vscode-languageserver-protocol@npm:3.17.2"
  dependencies:
    vscode-jsonrpc: 8.0.2
    vscode-languageserver-types: 3.17.2
  checksum: f4a05d3a631af315a32a3700953c2117fa4e5c44bc03764154c6605da9cbbcb50a1b01b46f11b2f6948916d01b4948bebf1a84c135fc73b27fa839c58d0847ab
  languageName: node
  linkType: hard

"vscode-languageserver-types@npm:3.17.2":
  version: 3.17.2
  resolution: "vscode-languageserver-types@npm:3.17.2"
  checksum: ef2d862d22f622b64de0f428773d50a5928ec6cdd485960a7564ebe4fd4a3c8bcd956f29eb15bc45a0f353846e62f39f6c764d2ab85ce774b8724411ba84342f
  languageName: node
  linkType: hard

"vscode-uri@npm:^3.0.7":
  version: 3.0.7
  resolution: "vscode-uri@npm:3.0.7"
  checksum: c899a0334f9f6ba53021328e083f6307978c09b94407d7e5fe86fcd8fcb8f1da0cb344123a335e55769055007a46d51aff83f9ee1dfc0296ee54b78f34ef0e4f
  languageName: node
  linkType: hard

"yallist@npm:^4.0.0":
  version: 4.0.0
  resolution: "yallist@npm:4.0.0"
  checksum: 343617202af32df2a15a3be36a5a8c0c8545208f3d3dfbc6bb7c3e3b7e8c6f8e7485432e4f3b88da3031a6e20afa7c711eded32ddfb122896ac5d914e75848d5
  languageName: node
  linkType: hard
